// !$*UTF8*$!
{
	archiveVersion = 1;
	classes = {
	};
	objectVersion = 50;
	objects = {

/* Begin PBXBuildFile section */
		140DB3AC26D336C6007CB71A /* AppDelegate.m in Sources */ = {isa = PBXBuildFile; fileRef = 140DB3AB26D336C6007CB71A /* AppDelegate.m */; };
		140DB3B226D336C6007CB71A /* ViewController.m in Sources */ = {isa = PBXBuildFile; fileRef = 140DB3B126D336C6007CB71A /* ViewController.m */; };
		140DB3B726D336CF007CB71A /* Assets.xcassets in Resources */ = {isa = PBXBuildFile; fileRef = 140DB3B626D336CF007CB71A /* Assets.xcassets */; };
		140DB3BA26D336CF007CB71A /* LaunchScreen.storyboard in Resources */ = {isa = PBXBuildFile; fileRef = 140DB3B826D336CF007CB71A /* LaunchScreen.storyboard */; };
		140DB3BD26D336CF007CB71A /* main.m in Sources */ = {isa = PBXBuildFile; fileRef = 140DB3BC26D336CF007CB71A /* main.m */; };
		140DB3E626D39F43007CB71A /* ZJLExportXLX.m in Sources */ = {isa = PBXBuildFile; fileRef = 140DB3E526D39F42007CB71A /* ZJLExportXLX.m */; };
		70820CA0A0E2813B0A49C820 /* Pods_ZJLExportXLX.framework in Frameworks */ = {isa = PBXBuildFile; fileRef = C3C21250BBAC41C52BB49825 /* Pods_ZJLExportXLX.framework */; };
/* End PBXBuildFile section */

/* Begin PBXFileReference section */
		140DB3A726D336C6007CB71A /* ZJLExportXLX.app */ = {isa = PBXFileReference; explicitFileType = wrapper.application; includeInIndex = 0; path = ZJLExportXLX.app; sourceTree = BUILT_PRODUCTS_DIR; };
		140DB3AA26D336C6007CB71A /* AppDelegate.h */ = {isa = PBXFileReference; lastKnownFileType = sourcecode.c.h; path = AppDelegate.h; sourceTree = "<group>"; };
		140DB3AB26D336C6007CB71A /* AppDelegate.m */ = {isa = PBXFileReference; lastKnownFileType = sourcecode.c.objc; path = AppDelegate.m; sourceTree = "<group>"; };
		140DB3B026D336C6007CB71A /* ViewController.h */ = {isa = PBXFileReference; lastKnownFileType = sourcecode.c.h; path = ViewController.h; sourceTree = "<group>"; };
		140DB3B126D336C6007CB71A /* ViewController.m */ = {isa = PBXFileReference; lastKnownFileType = sourcecode.c.objc; path = ViewController.m; sourceTree = "<group>"; };
		140DB3B626D336CF007CB71A /* Assets.xcassets */ = {isa = PBXFileReference; lastKnownFileType = folder.assetcatalog; path = Assets.xcassets; sourceTree = "<group>"; };
		140DB3B926D336CF007CB71A /* Base */ = {isa = PBXFileReference; lastKnownFileType = file.storyboard; name = Base; path = Base.lproj/LaunchScreen.storyboard; sourceTree = "<group>"; };
		140DB3BB26D336CF007CB71A /* Info.plist */ = {isa = PBXFileReference; lastKnownFileType = text.plist.xml; path = Info.plist; sourceTree = "<group>"; };
		140DB3BC26D336CF007CB71A /* main.m */ = {isa = PBXFileReference; lastKnownFileType = sourcecode.c.objc; path = main.m; sourceTree = "<group>"; };
		140DB3E426D39F42007CB71A /* ZJLExportXLX.h */ = {isa = PBXFileReference; lastKnownFileType = sourcecode.c.h; path = ZJLExportXLX.h; sourceTree = "<group>"; };
		140DB3E526D39F42007CB71A /* ZJLExportXLX.m */ = {isa = PBXFileReference; lastKnownFileType = sourcecode.c.objc; path = ZJLExportXLX.m; sourceTree = "<group>"; };
		3FD9D52DEA8699E11606AF3A /* Pods-ZJLExportXLX.release.xcconfig */ = {isa = PBXFileReference; includeInIndex = 1; lastKnownFileType = text.xcconfig; name = "Pods-ZJLExportXLX.release.xcconfig"; path = "Target Support Files/Pods-ZJLExportXLX/Pods-ZJLExportXLX.release.xcconfig"; sourceTree = "<group>"; };
		6148935E898B4EC97B23D853 /* Pods-ZJLExportXLX.debug.xcconfig */ = {isa = PBXFileReference; includeInIndex = 1; lastKnownFileType = text.xcconfig; name = "Pods-ZJLExportXLX.debug.xcconfig"; path = "Target Support Files/Pods-ZJLExportXLX/Pods-ZJLExportXLX.debug.xcconfig"; sourceTree = "<group>"; };
		C3C21250BBAC41C52BB49825 /* Pods_ZJLExportXLX.framework */ = {isa = PBXFileReference; explicitFileType = wrapper.framework; includeInIndex = 0; path = Pods_ZJLExportXLX.framework; sourceTree = BUILT_PRODUCTS_DIR; };
/* End PBXFileReference section */

/* Begin PBXFrameworksBuildPhase section */
		140DB3A426D336C6007CB71A /* Frameworks */ = {
			isa = PBXFrameworksBuildPhase;
			buildActionMask = 2147483647;
			files = (
				70820CA0A0E2813B0A49C820 /* Pods_ZJLExportXLX.framework in Frameworks */,
			);
			runOnlyForDeploymentPostprocessing = 0;
		};
/* End PBXFrameworksBuildPhase section */

/* Begin PBXGroup section */
		01A980724D84E83EA41601AC /* Pods */ = {
			isa = PBXGroup;
			children = (
				6148935E898B4EC97B23D853 /* Pods-ZJLExportXLX.debug.xcconfig */,
				3FD9D52DEA8699E11606AF3A /* Pods-ZJLExportXLX.release.xcconfig */,
			);
			name = Pods;
			path = Pods;
			sourceTree = "<group>";
		};
		140DB39E26D336C5007CB71A = {
			isa = PBXGroup;
			children = (
				140DB3A926D336C6007CB71A /* ZJLExportXLX */,
				140DB3A826D336C6007CB71A /* Products */,
				01A980724D84E83EA41601AC /* Pods */,
				E798F107DF2BD8F760D8FB2E /* Frameworks */,
			);
			sourceTree = "<group>";
		};
		140DB3A826D336C6007CB71A /* Products */ = {
			isa = PBXGroup;
			children = (
				140DB3A726D336C6007CB71A /* ZJLExportXLX.app */,
			);
			name = Products;
			sourceTree = "<group>";
		};
		140DB3A926D336C6007CB71A /* ZJLExportXLX */ = {
			isa = PBXGroup;
			children = (
				140DB3E326D39F08007CB71A /* ZJLExportXLX */,
				140DB3AA26D336C6007CB71A /* AppDelegate.h */,
				140DB3AB26D336C6007CB71A /* AppDelegate.m */,
				140DB3B026D336C6007CB71A /* ViewController.h */,
				140DB3B126D336C6007CB71A /* ViewController.m */,
				140DB3B626D336CF007CB71A /* Assets.xcassets */,
				140DB3B826D336CF007CB71A /* LaunchScreen.storyboard */,
				140DB3BB26D336CF007CB71A /* Info.plist */,
				140DB3BC26D336CF007CB71A /* main.m */,
			);
			path = ZJLExportXLX;
			sourceTree = "<group>";
		};
		140DB3E326D39F08007CB71A /* ZJLExportXLX */ = {
			isa = PBXGroup;
			children = (
				140DB3E426D39F42007CB71A /* ZJLExportXLX.h */,
				140DB3E526D39F42007CB71A /* ZJLExportXLX.m */,
			);
			path = ZJLExportXLX;
			sourceTree = "<group>";
		};
		E798F107DF2BD8F760D8FB2E /* Frameworks */ = {
			isa = PBXGroup;
			children = (
				C3C21250BBAC41C52BB49825 /* Pods_ZJLExportXLX.framework */,
			);
			name = Frameworks;
			sourceTree = "<group>";
		};
/* End PBXGroup section */

/* Begin PBXNativeTarget section */
		140DB3A626D336C6007CB71A /* ZJLExportXLX */ = {
			isa = PBXNativeTarget;
			buildConfigurationList = 140DB3C026D336CF007CB71A /* Build configuration list for PBXNativeTarget "ZJLExportXLX" */;
			buildPhases = (
				788B3A480920EA0568F3360A /* [CP] Check Pods Manifest.lock */,
				140DB3A326D336C6007CB71A /* Sources */,
				140DB3A426D336C6007CB71A /* Frameworks */,
				140DB3A526D336C6007CB71A /* Resources */,
				E4F80D65A5E49DDB61ADD067 /* [CP] Embed Pods Frameworks */,
			);
			buildRules = (
			);
			dependencies = (
			);
			name = ZJLExportXLX;
			productName = ZJLExportXLX;
			productReference = 140DB3A726D336C6007CB71A /* ZJLExportXLX.app */;
			productType = "com.apple.product-type.application";
		};
/* End PBXNativeTarget section */

/* Begin PBXProject section */
		140DB39F26D336C5007CB71A /* Project object */ = {
			isa = PBXProject;
			attributes = {
				LastUpgradeCheck = 1250;
				TargetAttributes = {
					140DB3A626D336C6007CB71A = {
						CreatedOnToolsVersion = 12.5.1;
					};
				};
			};
			buildConfigurationList = 140DB3A226D336C5007CB71A /* Build configuration list for PBXProject "ZJLExportXLX" */;
			compatibilityVersion = "Xcode 9.3";
			developmentRegion = en;
			hasScannedForEncodings = 0;
			knownRegions = (
				en,
				Base,
			);
			mainGroup = 140DB39E26D336C5007CB71A;
			productRefGroup = 140DB3A826D336C6007CB71A /* Products */;
			projectDirPath = "";
			projectRoot = "";
			targets = (
				140DB3A626D336C6007CB71A /* ZJLExportXLX */,
			);
		};
/* End PBXProject section */

/* Begin PBXResourcesBuildPhase section */
		140DB3A526D336C6007CB71A /* Resources */ = {
			isa = PBXResourcesBuildPhase;
			buildActionMask = 2147483647;
			files = (
				140DB3BA26D336CF007CB71A /* LaunchScreen.storyboard in Resources */,
				140DB3B726D336CF007CB71A /* Assets.xcassets in Resources */,
			);
			runOnlyForDeploymentPostprocessing = 0;
		};
/* End PBXResourcesBuildPhase section */

/* Begin PBXShellScriptBuildPhase section */
		788B3A480920EA0568F3360A /* [CP] Check Pods Manifest.lock */ = {
			isa = PBXShellScriptBuildPhase;
			buildActionMask = 2147483647;
			files = (
			);
			inputFileListPaths = (
			);
			inputPaths = (
				"${PODS_PODFILE_DIR_PATH}/Podfile.lock",
				"${PODS_ROOT}/Manifest.lock",
			);
			name = "[CP] Check Pods Manifest.lock";
			outputFileListPaths = (
			);
			outputPaths = (
				"$(DERIVED_FILE_DIR)/Pods-ZJLExportXLX-checkManifestLockResult.txt",
			);
			runOnlyForDeploymentPostprocessing = 0;
			shellPath = /bin/sh;
			shellScript = "diff \"${PODS_PODFILE_DIR_PATH}/Podfile.lock\" \"${PODS_ROOT}/Manifest.lock\" > /dev/null\nif [ $? != 0 ] ; then\n    # print error to STDERR\n    echo \"error: The sandbox is not in sync with the Podfile.lock. Run 'pod install' or update your CocoaPods installation.\" >&2\n    exit 1\nfi\n# This output is used by Xcode 'outputs' to avoid re-running this script phase.\necho \"SUCCESS\" > \"${SCRIPT_OUTPUT_FILE_0}\"\n";
			showEnvVarsInLog = 0;
		};
		E4F80D65A5E49DDB61ADD067 /* [CP] Embed Pods Frameworks */ = {
			isa = PBXShellScriptBuildPhase;
			buildActionMask = 2147483647;
			files = (
			);
			inputFileListPaths = (
				"${PODS_ROOT}/Target Support Files/Pods-ZJLExportXLX/Pods-ZJLExportXLX-frameworks-${CONFIGURATION}-input-files.xcfilelist",
			);
			name = "[CP] Embed Pods Frameworks";
			outputFileListPaths = (
				"${PODS_ROOT}/Target Support Files/Pods-ZJLExportXLX/Pods-ZJLExportXLX-frameworks-${CONFIGURATION}-output-files.xcfilelist",
			);
			runOnlyForDeploymentPostprocessing = 0;
			shellPath = /bin/sh;
			shellScript = "\"${PODS_ROOT}/Target Support Files/Pods-ZJLExportXLX/Pods-ZJLExportXLX-frameworks.sh\"\n";
			showEnvVarsInLog = 0;
		};
/* End PBXShellScriptBuildPhase section */

/* Begin PBXSourcesBuildPhase section */
		140DB3A326D336C6007CB71A /* Sources */ = {
			isa = PBXSourcesBuildPhase;
			buildActionMask = 2147483647;
			files = (
				140DB3B226D336C6007CB71A /* ViewController.m in Sources */,
				140DB3AC26D336C6007CB71A /* AppDelegate.m in Sources */,
				140DB3BD26D336CF007CB71A /* main.m in Sources */,
				140DB3E626D39F43007CB71A /* ZJLExportXLX.m in Sources */,
			);
			runOnlyForDeploymentPostprocessing = 0;
		};
/* End PBXSourcesBuildPhase section */

/* Begin PBXVariantGroup section */
		140DB3B826D336CF007CB71A /* LaunchScreen.storyboard */ = {
			isa = PBXVariantGroup;
			children = (
				140DB3B926D336CF007CB71A /* Base */,
			);
			name = LaunchScreen.storyboard;
			sourceTree = "<group>";
		};
/* End PBXVariantGroup section */

/* Begin XCBuildConfiguration section */
		140DB3BE26D336CF007CB71A /* Debug */ = {
			isa = XCBuildConfiguration;
			buildSettings = {
				ALWAYS_SEARCH_USER_PATHS = NO;
				CLANG_ANALYZER_NONNULL = YES;
				CLANG_ANALYZER_NUMBER_OBJECT_CONVERSION = YES_AGGRESSIVE;
				CLANG_CXX_LANGUAGE_STANDARD = "gnu++14";
				CLANG_CXX_LIBRARY = "libc++";
				CLANG_ENABLE_MODULES = YES;
				CLANG_ENABLE_OBJC_ARC = YES;
				CLANG_ENABLE_OBJC_WEAK = YES;
				CLANG_WARN_BLOCK_CAPTURE_AUTORELEASING = YES;
				CLANG_WARN_BOOL_CONVERSION = YES;
				CLANG_WARN_COMMA = YES;
				CLANG_WARN_CONSTANT_CONVERSION = YES;
				CLANG_WARN_DEPRECATED_OBJC_IMPLEMENTATIONS = YES;
				CLANG_WARN_DIRECT_OBJC_ISA_USAGE = YES_ERROR;
				CLANG_WARN_DOCUMENTATION_COMMENTS = YES;
				CLANG_WARN_EMPTY_BODY = YES;
				CLANG_WARN_ENUM_CONVERSION = YES;
				CLANG_WARN_INFINITE_RECURSION = YES;
				CLANG_WARN_INT_CONVERSION = YES;
				CLANG_WARN_NON_LITERAL_NULL_CONVERSION = YES;
				CLANG_WARN_OBJC_IMPLICIT_RETAIN_SELF = YES;
				CLANG_WARN_OBJC_LITERAL_CONVERSION = YES;
				CLANG_WARN_OBJC_ROOT_CLASS = YES_ERROR;
				CLANG_WARN_QUOTED_INCLUDE_IN_FRAMEWORK_HEADER = YES;
				CLANG_WARN_RANGE_LOOP_ANALYSIS = YES;
				CLANG_WARN_STRICT_PROTOTYPES = YES;
				CLANG_WARN_SUSPICIOUS_MOVE = YES;
				CLANG_WARN_UNGUARDED_AVAILABILITY = YES_AGGRESSIVE;
				CLANG_WARN_UNREACHABLE_CODE = YES;
				CLANG_WARN__DUPLICATE_METHOD_MATCH = YES;
				COPY_PHASE_STRIP = NO;
				DEBUG_INFORMATION_FORMAT = dwarf;
				ENABLE_STRICT_OBJC_MSGSEND = YES;
				ENABLE_TESTABILITY = YES;
				GCC_C_LANGUAGE_STANDARD = gnu11;
				GCC_DYNAMIC_NO_PIC = NO;
				GCC_NO_COMMON_BLOCKS = YES;
				GCC_OPTIMIZATION_LEVEL = 0;
				GCC_PREPROCESSOR_DEFINITIONS = (
					"DEBUG=1",
					"$(inherited)",
				);
				GCC_WARN_64_TO_32_BIT_CONVERSION = YES;
				GCC_WARN_ABOUT_RETURN_TYPE = YES_ERROR;
				GCC_WARN_UNDECLARED_SELECTOR = YES;
				GCC_WARN_UNINITIALIZED_AUTOS = YES_AGGRESSIVE;
				GCC_WARN_UNUSED_FUNCTION = YES;
				GCC_WARN_UNUSED_VARIABLE = YES;
				IPHONEOS_DEPLOYMENT_TARGET = 14.5;
				MTL_ENABLE_DEBUG_INFO = INCLUDE_SOURCE;
				MTL_FAST_MATH = YES;
				ONLY_ACTIVE_ARCH = YES;
				SDKROOT = iphoneos;
			};
			name = Debug;
		};
		140DB3BF26D336CF007CB71A /* Release */ = {
			isa = XCBuildConfiguration;
			buildSettings = {
				ALWAYS_SEARCH_USER_PATHS = NO;
				CLANG_ANALYZER_NONNULL = YES;
				CLANG_ANALYZER_NUMBER_OBJECT_CONVERSION = YES_AGGRESSIVE;
				CLANG_CXX_LANGUAGE_STANDARD = "gnu++14";
				CLANG_CXX_LIBRARY = "libc++";
				CLANG_ENABLE_MODULES = YES;
				CLANG_ENABLE_OBJC_ARC = YES;
				CLANG_ENABLE_OBJC_WEAK = YES;
				CLANG_WARN_BLOCK_CAPTURE_AUTORELEASING = YES;
				CLANG_WARN_BOOL_CONVERSION = YES;
				CLANG_WARN_COMMA = YES;
				CLANG_WARN_CONSTANT_CONVERSION = YES;
				CLANG_WARN_DEPRECATED_OBJC_IMPLEMENTATIONS = YES;
				CLANG_WARN_DIRECT_OBJC_ISA_USAGE = YES_ERROR;
				CLANG_WARN_DOCUMENTATION_COMMENTS = YES;
				CLANG_WARN_EMPTY_BODY = YES;
				CLANG_WARN_ENUM_CONVERSION = YES;
				CLANG_WARN_INFINITE_RECURSION = YES;
				CLANG_WARN_INT_CONVERSION = YES;
				CLANG_WARN_NON_LITERAL_NULL_CONVERSION = YES;
				CLANG_WARN_OBJC_IMPLICIT_RETAIN_SELF = YES;
				CLANG_WARN_OBJC_LITERAL_CONVERSION = YES;
				CLANG_WARN_OBJC_ROOT_CLASS = YES_ERROR;
				CLANG_WARN_QUOTED_INCLUDE_IN_FRAMEWORK_HEADER = YES;
				CLANG_WARN_RANGE_LOOP_ANALYSIS = YES;
				CLANG_WARN_STRICT_PROTOTYPES = YES;
				CLANG_WARN_SUSPICIOUS_MOVE = YES;
				CLANG_WARN_UNGUARDED_AVAILABILITY = YES_AGGRESSIVE;
				CLANG_WARN_UNREACHABLE_CODE = YES;
				CLANG_WARN__DUPLICATE_METHOD_MATCH = YES;
				COPY_PHASE_STRIP = NO;
				DEBUG_INFORMATION_FORMAT = "dwarf-with-dsym";
				ENABLE_NS_ASSERTIONS = NO;
				ENABLE_STRICT_OBJC_MSGSEND = YES;
				GCC_C_LANGUAGE_STANDARD = gnu11;
				GCC_NO_COMMON_BLOCKS = YES;
				GCC_WARN_64_TO_32_BIT_CONVERSION = YES;
				GCC_WARN_ABOUT_RETURN_TYPE = YES_ERROR;
				GCC_WARN_UNDECLARED_SELECTOR = YES;
				GCC_WARN_UNINITIALIZED_AUTOS = YES_AGGRESSIVE;
				GCC_WARN_UNUSED_FUNCTION = YES;
				GCC_WARN_UNUSED_VARIABLE = YES;
				IPHONEOS_DEPLOYMENT_TARGET = 14.5;
				MTL_ENABLE_DEBUG_INFO = NO;
				MTL_FAST_MATH = YES;
				SDKROOT = iphoneos;
				VALIDATE_PRODUCT = YES;
			};
			name = Release;
		};
		140DB3C126D336CF007CB71A /* Debug */ = {
			isa = XCBuildConfiguration;
			baseConfigurationReference = 6148935E898B4EC97B23D853 /* Pods-ZJLExportXLX.debug.xcconfig */;
			buildSettings = {
				ASSETCATALOG_COMPILER_APPICON_NAME = AppIcon;
				ASSETCATALOG_COMPILER_GLOBAL_ACCENT_COLOR_NAME = AccentColor;
				CODE_SIGN_STYLE = Automatic;
				DEVELOPMENT_TEAM = Z775HF852Q;
				INFOPLIST_FILE = ZJLExportXLX/Info.plist;
				IPHONEOS_DEPLOYMENT_TARGET = 9.0;
				LD_RUNPATH_SEARCH_PATHS = (
					"$(inherited)",
					"@executable_path/Frameworks",
				);
				PRODUCT_BUNDLE_IDENTIFIER = Yihb.ZJLExportXLX;
				PRODUCT_NAME = "$(TARGET_NAME)";
				TARGETED_DEVICE_FAMILY = 1;
			};
			name = Debug;
		};
		140DB3C226D336CF007CB71A /* Release */ = {
			isa = XCBuildConfiguration;
			baseConfigurationReference = 3FD9D52DEA8699E11606AF3A /* Pods-ZJLExportXLX.release.xcconfig */;
			buildSettings = {
				ASSETCATALOG_COMPILER_APPICON_NAME = AppIcon;
				ASSETCATALOG_COMPILER_GLOBAL_ACCENT_COLOR_NAME = AccentColor;
				CODE_SIGN_STYLE = Automatic;
				DEVELOPMENT_TEAM = Z775HF852Q;
				INFOPLIST_FILE = ZJLExportXLX/Info.plist;
				IPHONEOS_DEPLOYMENT_TARGET = 9.0;
				LD_RUNPATH_SEARCH_PATHS = (
					"$(inherited)",
					"@executable_path/Frameworks",
				);
				PRODUCT_BUNDLE_IDENTIFIER = Yihb.ZJLExportXLX;
				PRODUCT_NAME = "$(TARGET_NAME)";
				TARGETED_DEVICE_FAMILY = 1;
			};
			name = Release;
		};
/* End XCBuildConfiguration section */

/* Begin XCConfigurationList section */
		140DB3A226D336C5007CB71A /* Build configuration list for PBXProject "ZJLExportXLX" */ = {
			isa = XCConfigurationList;
			buildConfigurations = (
				140DB3BE26D336CF007CB71A /* Debug */,
				140DB3BF26D336CF007CB71A /* Release */,
			);
			defaultConfigurationIsVisible = 0;
			defaultConfigurationName = Release;
		};
		140DB3C026D336CF007CB71A /* Build configuration list for PBXNativeTarget "ZJLExportXLX" */ = {
			isa = XCConfigurationList;
			buildConfigurations = (
				140DB3C126D336CF007CB71A /* Debug */,
				140DB3C226D336CF007CB71A /* Release */,
			);
			defaultConfigurationIsVisible = 0;
			defaultConfigurationName = Release;
		};
/* End XCConfigurationList section */
	};
	rootObject = 140DB39F26D336C5007CB71A /* Project object */;
}
